Microsoft Visual Studio Solution File, Format Version 12.00
# Visual Studio Version 17
VisualStudioVersion = 17.5.2.0
MinimumVisualStudioVersion = 10.0.40219.1
Project("{FAE04EC0-301F-11D3-BF4B-00C04F79EFBC}") = "techhelp", "techhelp.csproj", "{09FF4776-94E6-1FA6-A67A-A795FC9B0353}"
EndProject
Global
	GlobalSection(SolutionConfigurationPlatforms) = preSolution
		Debug|Any CPU = Debug|Any CPU
		Release|Any CPU = Release|Any CPU
	EndGlobalSection
	GlobalSection(ProjectConfigurationPlatforms) = postSolution
		{09FF4776-94E6-1FA6-A67A-A795FC9B0353}.Debug|Any CPU.ActiveCfg = Debug|Any CPU
		{09FF4776-94E6-1FA6-A67A-A795FC9B0353}.Debug|Any CPU.Build.0 = Debug|Any CPU
		{09FF4776-94E6-1FA6-A67A-A795FC9B0353}.Release|Any CPU.ActiveCfg = Release|Any CPU
		{09FF4776-94E6-1FA6-A67A-A795FC9B0353}.Release|Any CPU.Build.0 = Release|Any CPU
	EndGlobalSection
	GlobalSection(SolutionProperties) = preSolution
		HideSolutionNode = FALSE
	EndGlobalSection
	GlobalSection(ExtensibilityGlobals) = postSolution
		SolutionGuid = {618A1FB2-1D80-467E-83F3-5323820A7C36}
	EndGlobalSection
EndGlobal
